
Microsoft Visual Studio Solution File, Format Version 12.00
# Visual Studio Version 17
VisualStudioVersion = 17.4.33205.214
MinimumVisualStudioVersion = 10.0.40219.1
Project("{FAE04EC0-301F-11D3-BF4B-00C04F79EFBC}") = "PhoneBookRepository", "PhoneBookRepository\PhoneBookRepository.csproj", "{CA47443A-88BE-42E7-9915-995DEE8D0687}"
EndProject
Global
	GlobalSection(SolutionConfigurationPlatforms) = preSolution
		Debug|Any CPU = Debug|Any CPU
		Release|Any CPU = Release|Any CPU
	EndGlobalSection
	GlobalSection(ProjectConfigurationPlatforms) = postSolution
		{CA47443A-88BE-42E7-9915-995DEE8D0687}.Debug|Any CPU.ActiveCfg = Debug|Any CPU
		{CA47443A-88BE-42E7-9915-995DEE8D0687}.Debug|Any CPU.Build.0 = Debug|Any CPU
		{CA47443A-88BE-42E7-9915-995DEE8D0687}.Release|Any CPU.ActiveCfg = Release|Any CPU
		{CA47443A-88BE-42E7-9915-995DEE8D0687}.Release|Any CPU.Build.0 = Release|Any CPU
	EndGlobalSection
	GlobalSection(SolutionProperties) = preSolution
		HideSolutionNode = FALSE
	EndGlobalSection
	GlobalSection(ExtensibilityGlobals) = postSolution
		SolutionGuid = {AE5695AB-39D9-47DF-B18E-5C7D302CD00B}
	EndGlobalSection
EndGlobal
